
Microsoft Visual Studio Solution File, Format Version 12.00
# Visual Studio Version 17
VisualStudioVersion = 17.3.32825.248
MinimumVisualStudioVersion = 10.0.40219.1
Project("{FAE04EC0-301F-11D3-BF4B-00C04F79EFBC}") = "EntityFramework01", "EntityFramework01\EntityFramework01.csproj", "{20F233EF-40BC-4EDD-8200-C3A7F0696780}"
EndProject
Global
	GlobalSection(SolutionConfigurationPlatforms) = preSolution
		Debug|Any CPU = Debug|Any CPU
		Release|Any CPU = Release|Any CPU
	EndGlobalSection
	GlobalSection(ProjectConfigurationPlatforms) = postSolution
		{20F233EF-40BC-4EDD-8200-C3A7F0696780}.Debug|Any CPU.ActiveCfg = Debug|Any CPU
		{20F233EF-40BC-4EDD-8200-C3A7F0696780}.Debug|Any CPU.Build.0 = Debug|Any CPU
		{20F233EF-40BC-4EDD-8200-C3A7F0696780}.Release|Any CPU.ActiveCfg = Release|Any CPU
		{20F233EF-40BC-4EDD-8200-C3A7F0696780}.Release|Any CPU.Build.0 = Release|Any CPU
	EndGlobalSection
	GlobalSection(SolutionProperties) = preSolution
		HideSolutionNode = FALSE
	EndGlobalSection
	GlobalSection(ExtensibilityGlobals) = postSolution
		SolutionGuid = {A4795EED-0C71-4974-A941-21BF985C4793}
	EndGlobalSection
EndGlobal
